{
  "lockfileVersion": 1,
  "configVersion": 1,
  "workspaces": {
    "": {
      "dependencies": {
        "bootstrap-icons": "^1.13.1",
        "i": "^0.3.7",
      },
    },
  },
  "packages": {
    "bootstrap-icons": ["bootstrap-icons@1.13.1", "", {}, "sha512-ijombt4v6bv5CLeXvRWKy7CuM3TRTuPEuGaGKvTV5cz65rQSY8RQ2JcHt6b90cBBAC7s8fsf2EkQDldzCoXUjw=="],

    "i": ["i@0.3.7", "", {}, "sha512-FYz4wlXgkQwIPqhzC5TdNMLSE5+GS1IIDJZY/1ZiEPCT2S3COUVZeT5OW4BmW4r5LHLQuOosSwsvnroG9GR59Q=="],
  }
}
